
Microsoft Visual Studio Solution File, Format Version 12.00
# Visual Studio Version 17
VisualStudioVersion = 17.14.36301.6
MinimumVisualStudioVersion = 10.0.40219.1
Project("{8BC9CEB8-8B4A-11D0-8D11-00A0C91BC942}") = "KernelMemoryDriver", "KernelMemoryDriver\KernelMemoryDriver.vcxproj", "{BB992C84-D6B0-74C8-A088-4A68E607B45B}"
EndProject
Project("{8BC9CEB8-8B4A-11D0-8D11-00A0C91BC942}") = "UM Test", "UM Test\UM Test.vcxproj", "{988DD595-B10E-44C8-92E3-22234264C9AD}"
EndProject
Project("{2150E333-8FDC-42A3-9474-1A3956D46DE8}") = "SharedFiles", "SharedFiles", "{02EA681E-C7D8-13C7-8484-4AC65E1B71E8}"
	ProjectSection(SolutionItems) = preProject
		SharedFiles\iocodes.h = SharedFiles\iocodes.h
	EndProjectSection
EndProject
Global
	GlobalSection(SolutionConfigurationPlatforms) = preSolution
		Debug|ARM64 = Debug|ARM64
		Debug|x64 = Debug|x64
		Release|ARM64 = Release|ARM64
		Release|x64 = Release|x64
	EndGlobalSection
	GlobalSection(ProjectConfigurationPlatforms) = postSolution
		{BB992C84-D6B0-74C8-A088-4A68E607B45B}.Debug|ARM64.ActiveCfg = Debug|ARM64
		{BB992C84-D6B0-74C8-A088-4A68E607B45B}.Debug|ARM64.Build.0 = Debug|ARM64
		{BB992C84-D6B0-74C8-A088-4A68E607B45B}.Debug|ARM64.Deploy.0 = Debug|ARM64
		{BB992C84-D6B0-74C8-A088-4A68E607B45B}.Debug|x64.ActiveCfg = Debug|x64
		{BB992C84-D6B0-74C8-A088-4A68E607B45B}.Debug|x64.Build.0 = Debug|x64
		{BB992C84-D6B0-74C8-A088-4A68E607B45B}.Debug|x64.Deploy.0 = Debug|x64
		{BB992C84-D6B0-74C8-A088-4A68E607B45B}.Release|ARM64.ActiveCfg = Release|ARM64
		{BB992C84-D6B0-74C8-A088-4A68E607B45B}.Release|ARM64.Build.0 = Release|ARM64
		{BB992C84-D6B0-74C8-A088-4A68E607B45B}.Release|ARM64.Deploy.0 = Release|ARM64
		{BB992C84-D6B0-74C8-A088-4A68E607B45B}.Release|x64.ActiveCfg = Release|x64
		{BB992C84-D6B0-74C8-A088-4A68E607B45B}.Release|x64.Build.0 = Release|x64
		{BB992C84-D6B0-74C8-A088-4A68E607B45B}.Release|x64.Deploy.0 = Release|x64
		{988DD595-B10E-44C8-92E3-22234264C9AD}.Debug|ARM64.ActiveCfg = Debug|x64
		{988DD595-B10E-44C8-92E3-22234264C9AD}.Debug|ARM64.Build.0 = Debug|x64
		{988DD595-B10E-44C8-92E3-22234264C9AD}.Debug|x64.ActiveCfg = Debug|x64
		{988DD595-B10E-44C8-92E3-22234264C9AD}.Debug|x64.Build.0 = Debug|x64
		{988DD595-B10E-44C8-92E3-22234264C9AD}.Release|ARM64.ActiveCfg = Release|x64
		{988DD595-B10E-44C8-92E3-22234264C9AD}.Release|ARM64.Build.0 = Release|x64
		{988DD595-B10E-44C8-92E3-22234264C9AD}.Release|x64.ActiveCfg = Release|x64
		{988DD595-B10E-44C8-92E3-22234264C9AD}.Release|x64.Build.0 = Release|x64
	EndGlobalSection
	GlobalSection(SolutionProperties) = preSolution
		HideSolutionNode = FALSE
	EndGlobalSection
	GlobalSection(ExtensibilityGlobals) = postSolution
		SolutionGuid = {A33068A7-BB84-4666-9AEE-7E7B5C860780}
	EndGlobalSection
EndGlobal
