<?xml version="1.0" encoding="utf-8"?>
<Project ToolsVersion="4.0" xmlns="http://schemas.microsoft.com/developer/msbuild/2003">
  <ItemGroup>
    <Filter Include="Source Files">
      <UniqueIdentifier>{4FC737F1-C7A5-4376-A066-2A32D752A2FF}</UniqueIdentifier>
      <Extensions>cpp;c;cc;cxx;c++;cppm;ixx;def;odl;idl;hpj;bat;asm;asmx</Extensions>
    </Filter>
    <Filter Include="Header Files">
      <UniqueIdentifier>{93995380-89BD-4b04-88EB-625FBE52EBFB}</UniqueIdentifier>
      <Extensions>h;hh;hpp;hxx;h++;hm;inl;inc;ipp;xsd</Extensions>
    </Filter>
    <Filter Include="Resource Files">
      <UniqueIdentifier>{67DA6AB6-F800-4c08-8B7A-83BB121AAD01}</UniqueIdentifier>
      <Extensions>rc;ico;cur;bmp;dlg;rc2;rct;bin;rgs;gif;jpg;jpeg;jpe;resx;tiff;tif;png;wav;mfcribbon-ms</Extensions>
    </Filter>
    <Filter Include="Header Files\Overlay">
      <UniqueIdentifier>{d9ef8fe0-7020-48ae-ad9e-2948c339fbc7}</UniqueIdentifier>
    </Filter>
  </ItemGroup>
  <ItemGroup>
    <ClCompile Include="main.cpp">
      <Filter>Source Files</Filter>
    </ClCompile>
    <ClCompile Include="Overlay\directx9.cpp">
      <Filter>Source Files</Filter>
    </ClCompile>
    <ClCompile Include="Overlay\d3dxdraw.cpp">
      <Filter>Source Files</Filter>
    </ClCompile>
    <ClCompile Include="CS2\Memory Structs\CSPawn.cpp">
      <Filter>Source Files</Filter>
    </ClCompile>
    <ClCompile Include="CS2\CSMemory.cpp">
      <Filter>Source Files</Filter>
    </ClCompile>
    <ClCompile Include="CS2\Engine\Vector3.cpp">
      <Filter>Source Files</Filter>
    </ClCompile>
    <ClCompile Include="CS2\CSFrameData.cpp">
      <Filter>Source Files</Filter>
    </ClCompile>
    <ClCompile Include="CS2\CSGame.cpp">
      <Filter>Source Files</Filter>
    </ClCompile>
    <ClCompile Include="CS2\Memory Structs\CSController.cpp">
      <Filter>Source Files</Filter>
    </ClCompile>
  </ItemGroup>
  <ItemGroup>
    <ClInclude Include="KernelMemory.h">
      <Filter>Header Files</Filter>
    </ClInclude>
    <ClInclude Include="Overlay.h">
      <Filter>Header Files</Filter>
    </ClInclude>
    <ClInclude Include="Overlay\directx9.h">
      <Filter>Header Files</Filter>
    </ClInclude>
    <ClInclude Include="Overlay\d3dxdraw.h">
      <Filter>Header Files</Filter>
    </ClInclude>
    <ClInclude Include="CS2\offsets.h">
      <Filter>Header Files</Filter>
    </ClInclude>
    <ClInclude Include="CS2\Memory Structs\CSPawn.h">
      <Filter>Header Files</Filter>
    </ClInclude>
    <ClInclude Include="CS2\CSGame.h">
      <Filter>Header Files</Filter>
    </ClInclude>
    <ClInclude Include="CS2\CSMemory.h">
      <Filter>Header Files</Filter>
    </ClInclude>
    <ClInclude Include="CS2\MemoryObject.h">
      <Filter>Header Files</Filter>
    </ClInclude>
    <ClInclude Include="CS2\CSFrameData.h">
      <Filter>Header Files</Filter>
    </ClInclude>
    <ClInclude Include="CS2\Engine\ViewMatrix.h">
      <Filter>Header Files</Filter>
    </ClInclude>
    <ClInclude Include="CS2\Engine\Vector3.h">
      <Filter>Header Files</Filter>
    </ClInclude>
    <ClInclude Include="CS2\Offsets\client.h">
      <Filter>Header Files</Filter>
    </ClInclude>
    <ClInclude Include="CS2\Offsets\offsets.h">
      <Filter>Header Files</Filter>
    </ClInclude>
    <ClInclude Include="CS2\Memory Structs\CSController.h">
      <Filter>Header Files</Filter>
    </ClInclude>
  </ItemGroup>
</Project>